
Microsoft Visual Studio Solution File, Format Version 12.00
# Visual Studio Version 16
VisualStudioVersion = 16.0.808.7
MinimumVisualStudioVersion = 10.0.40219.1
Project("{FAE04EC0-301F-11D3-BF4B-00C04F79EFBC}") = "VibraXam.Android", "VibraXam.Android\VibraXam.Android.csproj", "{5A81EC25-FA74-4E3B-9190-0B0528C7F828}"
EndProject
Project("{FAE04EC0-301F-11D3-BF4B-00C04F79EFBC}") = "VibraXam.iOS", "VibraXam.iOS\VibraXam.iOS.csproj", "{87E3A231-C451-44B7-9B48-CF47BD5301B0}"
EndProject
Project("{FAE04EC0-301F-11D3-BF4B-00C04F79EFBC}") = "VibraXam", "VibraXam\VibraXam.csproj", "{F49BC762-27D2-4A20-8969-197EB8C33647}"
EndProject
Global
	GlobalSection(SolutionConfigurationPlatforms) = preSolution
		Debug|Any CPU = Debug|Any CPU
		Release|Any CPU = Release|Any CPU
		Debug|iPhoneSimulator = Debug|iPhoneSimulator
		Release|iPhoneSimulator = Release|iPhoneSimulator
		Debug|iPhone = Debug|iPhone
		Release|iPhone = Release|iPhone
	EndGlobalSection
	GlobalSection(ProjectConfigurationPlatforms) = postSolution
		{5A81EC25-FA74-4E3B-9190-0B0528C7F828}.Debug|Any CPU.ActiveCfg = Debug|Any CPU
		{5A81EC25-FA74-4E3B-9190-0B0528C7F828}.Debug|Any CPU.Build.0 = Debug|Any CPU
		{5A81EC25-FA74-4E3B-9190-0B0528C7F828}.Release|Any CPU.ActiveCfg = Release|Any CPU
		{5A81EC25-FA74-4E3B-9190-0B0528C7F828}.Release|Any CPU.Build.0 = Release|Any CPU
		{5A81EC25-FA74-4E3B-9190-0B0528C7F828}.Debug|iPhoneSimulator.ActiveCfg = Debug|Any CPU
		{5A81EC25-FA74-4E3B-9190-0B0528C7F828}.Debug|iPhoneSimulator.Build.0 = Debug|Any CPU
		{5A81EC25-FA74-4E3B-9190-0B0528C7F828}.Release|iPhoneSimulator.ActiveCfg = Release|Any CPU
		{5A81EC25-FA74-4E3B-9190-0B0528C7F828}.Release|iPhoneSimulator.Build.0 = Release|Any CPU
		{5A81EC25-FA74-4E3B-9190-0B0528C7F828}.Debug|iPhone.ActiveCfg = Debug|Any CPU
		{5A81EC25-FA74-4E3B-9190-0B0528C7F828}.Debug|iPhone.Build.0 = Debug|Any CPU
		{5A81EC25-FA74-4E3B-9190-0B0528C7F828}.Release|iPhone.ActiveCfg = Release|Any CPU
		{5A81EC25-FA74-4E3B-9190-0B0528C7F828}.Release|iPhone.Build.0 = Release|Any CPU
		{87E3A231-C451-44B7-9B48-CF47BD5301B0}.Debug|Any CPU.ActiveCfg = Debug|iPhoneSimulator
		{87E3A231-C451-44B7-9B48-CF47BD5301B0}.Debug|Any CPU.Build.0 = Debug|iPhoneSimulator
		{87E3A231-C451-44B7-9B48-CF47BD5301B0}.Release|Any CPU.ActiveCfg = Release|iPhoneSimulator
		{87E3A231-C451-44B7-9B48-CF47BD5301B0}.Release|Any CPU.Build.0 = Release|iPhoneSimulator
		{87E3A231-C451-44B7-9B48-CF47BD5301B0}.Debug|iPhoneSimulator.ActiveCfg = Debug|iPhoneSimulator
		{87E3A231-C451-44B7-9B48-CF47BD5301B0}.Debug|iPhoneSimulator.Build.0 = Debug|iPhoneSimulator
		{87E3A231-C451-44B7-9B48-CF47BD5301B0}.Release|iPhoneSimulator.ActiveCfg = Release|iPhoneSimulator
		{87E3A231-C451-44B7-9B48-CF47BD5301B0}.Release|iPhoneSimulator.Build.0 = Release|iPhoneSimulator
		{87E3A231-C451-44B7-9B48-CF47BD5301B0}.Debug|iPhone.ActiveCfg = Debug|iPhone
		{87E3A231-C451-44B7-9B48-CF47BD5301B0}.Debug|iPhone.Build.0 = Debug|iPhone
		{87E3A231-C451-44B7-9B48-CF47BD5301B0}.Release|iPhone.ActiveCfg = Release|iPhone
		{87E3A231-C451-44B7-9B48-CF47BD5301B0}.Release|iPhone.Build.0 = Release|iPhone
		{F49BC762-27D2-4A20-8969-197EB8C33647}.Debug|Any CPU.ActiveCfg = Debug|Any CPU
		{F49BC762-27D2-4A20-8969-197EB8C33647}.Debug|Any CPU.Build.0 = Debug|Any CPU
		{F49BC762-27D2-4A20-8969-197EB8C33647}.Release|Any CPU.ActiveCfg = Release|Any CPU
		{F49BC762-27D2-4A20-8969-197EB8C33647}.Release|Any CPU.Build.0 = Release|Any CPU
		{F49BC762-27D2-4A20-8969-197EB8C33647}.Debug|iPhoneSimulator.ActiveCfg = Debug|Any CPU
		{F49BC762-27D2-4A20-8969-197EB8C33647}.Debug|iPhoneSimulator.Build.0 = Debug|Any CPU
		{F49BC762-27D2-4A20-8969-197EB8C33647}.Release|iPhoneSimulator.ActiveCfg = Release|Any CPU
		{F49BC762-27D2-4A20-8969-197EB8C33647}.Release|iPhoneSimulator.Build.0 = Release|Any CPU
		{F49BC762-27D2-4A20-8969-197EB8C33647}.Debug|iPhone.ActiveCfg = Debug|Any CPU
		{F49BC762-27D2-4A20-8969-197EB8C33647}.Debug|iPhone.Build.0 = Debug|Any CPU
		{F49BC762-27D2-4A20-8969-197EB8C33647}.Release|iPhone.ActiveCfg = Release|Any CPU
		{F49BC762-27D2-4A20-8969-197EB8C33647}.Release|iPhone.Build.0 = Release|Any CPU
	EndGlobalSection
	GlobalSection(SolutionProperties) = preSolution
		HideSolutionNode = FALSE
	EndGlobalSection
	GlobalSection(ExtensibilityGlobals) = postSolution
		SolutionGuid = {BB2C3D38-6EC0-4A14-AB64-0FAEEF4B4FCD}
	EndGlobalSection
EndGlobal
